
Microsoft Visual Studio Solution File, Format Version 12.00
# Visual Studio Version 17
VisualStudioVersion = 17.2.32630.192
MinimumVisualStudioVersion = 10.0.40219.1
Project("{FAE04EC0-301F-11D3-BF4B-00C04F79EFBC}") = "WebApplication", "WebApplication\WebApplication.csproj", "{A84C6EFB-3180-4F5D-96A0-A32E24C32FDB}"
EndProject
Project("{FAE04EC0-301F-11D3-BF4B-00C04F79EFBC}") = "MvcWebApplication", "MvcWebApplication\MvcWebApplication.csproj", "{0A2706D6-09D1-4A26-8125-F887BC734C07}"
EndProject
Project("{FAE04EC0-301F-11D3-BF4B-00C04F79EFBC}") = "WebCoreApplication", "WebCoreApplication\WebCoreApplication.csproj", "{7A4C0781-4F36-4805-8664-F7D1A2A3D209}"
EndProject
Global
	GlobalSection(SolutionConfigurationPlatforms) = preSolution
		Debug|Any CPU = Debug|Any CPU
		Release|Any CPU = Release|Any CPU
	EndGlobalSection
	GlobalSection(ProjectConfigurationPlatforms) = postSolution
		{A84C6EFB-3180-4F5D-96A0-A32E24C32FDB}.Debug|Any CPU.ActiveCfg = Debug|Any CPU
		{A84C6EFB-3180-4F5D-96A0-A32E24C32FDB}.Debug|Any CPU.Build.0 = Debug|Any CPU
		{A84C6EFB-3180-4F5D-96A0-A32E24C32FDB}.Release|Any CPU.ActiveCfg = Release|Any CPU
		{A84C6EFB-3180-4F5D-96A0-A32E24C32FDB}.Release|Any CPU.Build.0 = Release|Any CPU
		{0A2706D6-09D1-4A26-8125-F887BC734C07}.Debug|Any CPU.ActiveCfg = Debug|Any CPU
		{0A2706D6-09D1-4A26-8125-F887BC734C07}.Debug|Any CPU.Build.0 = Debug|Any CPU
		{0A2706D6-09D1-4A26-8125-F887BC734C07}.Release|Any CPU.ActiveCfg = Release|Any CPU
		{0A2706D6-09D1-4A26-8125-F887BC734C07}.Release|Any CPU.Build.0 = Release|Any CPU
		{7A4C0781-4F36-4805-8664-F7D1A2A3D209}.Debug|Any CPU.ActiveCfg = Debug|Any CPU
		{7A4C0781-4F36-4805-8664-F7D1A2A3D209}.Debug|Any CPU.Build.0 = Debug|Any CPU
		{7A4C0781-4F36-4805-8664-F7D1A2A3D209}.Release|Any CPU.ActiveCfg = Release|Any CPU
		{7A4C0781-4F36-4805-8664-F7D1A2A3D209}.Release|Any CPU.Build.0 = Release|Any CPU
	EndGlobalSection
	GlobalSection(SolutionProperties) = preSolution
		HideSolutionNode = FALSE
	EndGlobalSection
	GlobalSection(ExtensibilityGlobals) = postSolution
		SolutionGuid = {E71B5A7C-CF4B-416D-AB14-E0DAA87A2E26}
	EndGlobalSection
EndGlobal
